
Microsoft Visual Studio Solution File, Format Version 11.00
# Visual Studio 2010
Project("{FAE04EC0-301F-11D3-BF4B-00C04F79EFBC}") = "SpacemanFPS", "Assembly-CSharp-firstpass.csproj", "{811C7D84-260E-C0A0-F4D5-9F0B23D48C65}"
EndProject
Project("{FAE04EC0-301F-11D3-BF4B-00C04F79EFBC}") = "SpacemanFPS", "Assembly-CSharp.csproj", "{75C6E29A-A95C-B6C1-3D32-DF24E2A9C622}"
EndProject
Project("{FAE04EC0-301F-11D3-BF4B-00C04F79EFBC}") = "SpacemanFPS", "Assembly-CSharp-Editor-firstpass.csproj", "{53C83095-130F-3312-3210-9A8135215CD4}"
EndProject
Global
	GlobalSection(SolutionConfigurationPlatforms) = preSolution
		Debug|Any CPU = Debug|Any CPU
		Release|Any CPU = Release|Any CPU
	EndGlobalSection
	GlobalSection(ProjectConfigurationPlatforms) = postSolution
		{811C7D84-260E-C0A0-F4D5-9F0B23D48C65}.Debug|Any CPU.ActiveCfg = Debug|Any CPU
		{811C7D84-260E-C0A0-F4D5-9F0B23D48C65}.Debug|Any CPU.Build.0 = Debug|Any CPU
		{811C7D84-260E-C0A0-F4D5-9F0B23D48C65}.Release|Any CPU.ActiveCfg = Release|Any CPU
		{811C7D84-260E-C0A0-F4D5-9F0B23D48C65}.Release|Any CPU.Build.0 = Release|Any CPU
		{75C6E29A-A95C-B6C1-3D32-DF24E2A9C622}.Debug|Any CPU.ActiveCfg = Debug|Any CPU
		{75C6E29A-A95C-B6C1-3D32-DF24E2A9C622}.Debug|Any CPU.Build.0 = Debug|Any CPU
		{75C6E29A-A95C-B6C1-3D32-DF24E2A9C622}.Release|Any CPU.ActiveCfg = Release|Any CPU
		{75C6E29A-A95C-B6C1-3D32-DF24E2A9C622}.Release|Any CPU.Build.0 = Release|Any CPU
		{53C83095-130F-3312-3210-9A8135215CD4}.Debug|Any CPU.ActiveCfg = Debug|Any CPU
		{53C83095-130F-3312-3210-9A8135215CD4}.Debug|Any CPU.Build.0 = Debug|Any CPU
		{53C83095-130F-3312-3210-9A8135215CD4}.Release|Any CPU.ActiveCfg = Release|Any CPU
		{53C83095-130F-3312-3210-9A8135215CD4}.Release|Any CPU.Build.0 = Release|Any CPU
	EndGlobalSection
	GlobalSection(SolutionProperties) = preSolution
		HideSolutionNode = FALSE
	EndGlobalSection
	GlobalSection(MonoDevelopProperties) = preSolution
		StartupItem = Assembly-CSharp.csproj
	EndGlobalSection
EndGlobal
